
Microsoft Visual Studio Solution File, Format Version 12.00
# Visual Studio 15
VisualStudioVersion = 15.0.28307.1267
MinimumVisualStudioVersion = 10.0.40219.1
Project("{FAE04EC0-301F-11D3-BF4B-00C04F79EFBC}") = "SerwerMatematyczny", "SerwerMatematyczny\SerwerMatematyczny.csproj", "{37C33FA1-E39F-4378-8A0B-3A1299877F9C}"
EndProject
Global
	GlobalSection(SolutionConfigurationPlatforms) = preSolution
		Debug|Any CPU = Debug|Any CPU
		Release|Any CPU = Release|Any CPU
	EndGlobalSection
	GlobalSection(ProjectConfigurationPlatforms) = postSolution
		{37C33FA1-E39F-4378-8A0B-3A1299877F9C}.Debug|Any CPU.ActiveCfg = Debug|Any CPU
		{37C33FA1-E39F-4378-8A0B-3A1299877F9C}.Debug|Any CPU.Build.0 = Debug|Any CPU
		{37C33FA1-E39F-4378-8A0B-3A1299877F9C}.Release|Any CPU.ActiveCfg = Release|Any CPU
		{37C33FA1-E39F-4378-8A0B-3A1299877F9C}.Release|Any CPU.Build.0 = Release|Any CPU
	EndGlobalSection
	GlobalSection(SolutionProperties) = preSolution
		HideSolutionNode = FALSE
	EndGlobalSection
	GlobalSection(ExtensibilityGlobals) = postSolution
		SolutionGuid = {80BFD439-8429-4B9D-BCA2-02B00CB3E3A8}
	EndGlobalSection
EndGlobal
